
Microsoft Visual Studio Solution File, Format Version 12.00
# Visual Studio Version 16
VisualStudioVersion = 16.0.31205.134
MinimumVisualStudioVersion = 10.0.40219.1
Project("{888888A0-9F3D-457C-B088-3A5042F75D52}") = "QuizExecute-OOP", "QuizExecute-OOP\QuizExecute-OOP.pyproj", "{8265882C-6F32-4228-B008-9388E1C32391}"
EndProject
Global
	GlobalSection(SolutionConfigurationPlatforms) = preSolution
		Debug|Any CPU = Debug|Any CPU
		Release|Any CPU = Release|Any CPU
	EndGlobalSection
	GlobalSection(ProjectConfigurationPlatforms) = postSolution
		{8265882C-6F32-4228-B008-9388E1C32391}.Debug|Any CPU.ActiveCfg = Debug|Any CPU
		{8265882C-6F32-4228-B008-9388E1C32391}.Release|Any CPU.ActiveCfg = Release|Any CPU
	EndGlobalSection
	GlobalSection(SolutionProperties) = preSolution
		HideSolutionNode = FALSE
	EndGlobalSection
	GlobalSection(ExtensibilityGlobals) = postSolution
		SolutionGuid = {E0A3B8A4-360D-4E82-806A-2FA14D1A0852}
	EndGlobalSection
EndGlobal
